
Microsoft Visual Studio Solution File, Format Version 12.00
# Visual Studio Version 17
VisualStudioVersion = 17.8.34330.188
MinimumVisualStudioVersion = 10.0.40219.1
Project("{FAE04EC0-301F-11D3-BF4B-00C04F79EFBC}") = "less", "less\less.csproj", "{1C22E2DF-D989-4A61-8E7C-3CF3A5B061BC}"
EndProject
Project("{FAE04EC0-301F-11D3-BF4B-00C04F79EFBC}") = "form", "form\form.csproj", "{4BE343B0-3833-45C3-9B3F-AD69A97271E3}"
EndProject
Global
	GlobalSection(SolutionConfigurationPlatforms) = preSolution
		Debug|Any CPU = Debug|Any CPU
		Release|Any CPU = Release|Any CPU
	EndGlobalSection
	GlobalSection(ProjectConfigurationPlatforms) = postSolution
		{1C22E2DF-D989-4A61-8E7C-3CF3A5B061BC}.Debug|Any CPU.ActiveCfg = Debug|Any CPU
		{1C22E2DF-D989-4A61-8E7C-3CF3A5B061BC}.Debug|Any CPU.Build.0 = Debug|Any CPU
		{1C22E2DF-D989-4A61-8E7C-3CF3A5B061BC}.Release|Any CPU.ActiveCfg = Release|Any CPU
		{1C22E2DF-D989-4A61-8E7C-3CF3A5B061BC}.Release|Any CPU.Build.0 = Release|Any CPU
		{4BE343B0-3833-45C3-9B3F-AD69A97271E3}.Debug|Any CPU.ActiveCfg = Debug|Any CPU
		{4BE343B0-3833-45C3-9B3F-AD69A97271E3}.Debug|Any CPU.Build.0 = Debug|Any CPU
		{4BE343B0-3833-45C3-9B3F-AD69A97271E3}.Release|Any CPU.ActiveCfg = Release|Any CPU
		{4BE343B0-3833-45C3-9B3F-AD69A97271E3}.Release|Any CPU.Build.0 = Release|Any CPU
	EndGlobalSection
	GlobalSection(SolutionProperties) = preSolution
		HideSolutionNode = FALSE
	EndGlobalSection
	GlobalSection(ExtensibilityGlobals) = postSolution
		SolutionGuid = {98BB8B13-3D4B-4F43-982E-520E0E7A14B3}
	EndGlobalSection
EndGlobal
